// !$*UTF8*$!
{
	archiveVersion = 1;
	classes = {
	};
	objectVersion = 46;
	objects = {

/* Begin PBXBuildFile section */
		07D9457C159FF885004B4465 /* UIKit.framework in Frameworks */ = {isa = PBXBuildFile; fileRef = 07D9457B159FF885004B4465 /* UIKit.framework */; };
		07D9457E159FF885004B4465 /* Foundation.framework in Frameworks */ = {isa = PBXBuildFile; fileRef = 07D9457D159FF885004B4465 /* Foundation.framework */; };
		07D94580159FF885004B4465 /* CoreGraphics.framework in Frameworks */ = {isa = PBXBuildFile; fileRef = 07D9457F159FF885004B4465 /* CoreGraphics.framework */; };
		07D94586159FF885004B4465 /* InfoPlist.strings in Resources */ = {isa = PBXBuildFile; fileRef = 07D94584159FF885004B4465 /* InfoPlist.strings */; };
		07D94588159FF886004B4465 /* main.m in Sources */ = {isa = PBXBuildFile; fileRef = 07D94587159FF886004B4465 /* main.m */; };
		07D9458C159FF886004B4465 /* CalculatorAppDelegate.m in Sources */ = {isa = PBXBuildFile; fileRef = 07D9458B159FF886004B4465 /* CalculatorAppDelegate.m */; };
		07D9458F159FF886004B4465 /* MainStoryboard.storyboard in Resources */ = {isa = PBXBuildFile; fileRef = 07D9458D159FF886004B4465 /* MainStoryboard.storyboard */; };
		07D94592159FF886004B4465 /* CalculatorViewController.m in Sources */ = {isa = PBXBuildFile; fileRef = 07D94591159FF886004B4465 /* CalculatorViewController.m */; };
		07D9459A15A00E8F004B4465 /* CalculatorBrain.m in Sources */ = {isa = PBXBuildFile; fileRef = 07D9459915A00E8F004B4465 /* CalculatorBrain.m */; };
/* End PBXBuildFile section */

/* Begin PBXFileReference section */
		07D94577159FF885004B4465 /* Calculator.app */ = {isa = PBXFileReference; explicitFileType = wrapper.application; includeInIndex = 0; path = Calculator.app; sourceTree = BUILT_PRODUCTS_DIR; };
		07D9457B159FF885004B4465 /* UIKit.framework */ = {isa = PBXFileReference; lastKnownFileType = wrapper.framework; name = UIKit.framework; path = System/Library/Frameworks/UIKit.framework; sourceTree = SDKROOT; };
		07D9457D159FF885004B4465 /* Foundation.framework */ = {isa = PBXFileReference; lastKnownFileType = wrapper.framework; name = Foundation.framework; path = System/Library/Frameworks/Foundation.framework; sourceTree = SDKROOT; };
		07D9457F159FF885004B4465 /* CoreGraphics.framework */ = {isa = PBXFileReference; lastKnownFileType = wrapper.framework; name = CoreGraphics.framework; path = System/Library/Frameworks/CoreGraphics.framework; sourceTree = SDKROOT; };
		07D94583159FF885004B4465 /* Calculator-Info.plist */ = {isa = PBXFileReference; lastKnownFileType = text.plist.xml; path = "Calculator-Info.plist"; sourceTree = "<group>"; };
		07D94585159FF885004B4465 /* en */ = {isa = PBXFileReference; lastKnownFileType = text.plist.strings; name = en; path = en.lproj/InfoPlist.strings; sourceTree = "<group>"; };
		07D94587159FF886004B4465 /* main.m */ = {isa = PBXFileReference; lastKnownFileType = sourcecode.c.objc; path = main.m; sourceTree = "<group>"; };
		07D94589159FF886004B4465 /* Calculator-Prefix.pch */ = {isa = PBXFileReference; lastKnownFileType = sourcecode.c.h; path = "Calculator-Prefix.pch"; sourceTree = "<group>"; };
		07D9458A159FF886004B4465 /* CalculatorAppDelegate.h */ = {isa = PBXFileReference; lastKnownFileType = sourcecode.c.h; path = CalculatorAppDelegate.h; sourceTree = "<group>"; };
		07D9458B159FF886004B4465 /* CalculatorAppDelegate.m */ = {isa = PBXFileReference; lastKnownFileType = sourcecode.c.objc; path = CalculatorAppDelegate.m; sourceTree = "<group>"; };
		07D9458E159FF886004B4465 /* en */ = {isa = PBXFileReference; lastKnownFileType = file.storyboard; name = en; path = en.lproj/MainStoryboard.storyboard; sourceTree = "<group>"; };
		07D94590159FF886004B4465 /* CalculatorViewController.h */ = {isa = PBXFileReference; lastKnownFileType = sourcecode.c.h; path = CalculatorViewController.h; sourceTree = "<group>"; };
		07D94591159FF886004B4465 /* CalculatorViewController.m */ = {isa = PBXFileReference; lastKnownFileType = sourcecode.c.objc; path = CalculatorViewController.m; sourceTree = "<group>"; };
		07D9459815A00E8F004B4465 /* CalculatorBrain.h */ = {isa = PBXFileReference; fileEncoding = 4; lastKnownFileType = sourcecode.c.h; path = CalculatorBrain.h; sourceTree = "<group>"; };
		07D9459915A00E8F004B4465 /* CalculatorBrain.m */ = {isa = PBXFileReference; fileEncoding = 4; lastKnownFileType = sourcecode.c.objc; path = CalculatorBrain.m; sourceTree = "<group>"; };
/* End PBXFileReference section */

/* Begin PBXFrameworksBuildPhase section */
		07D94574159FF885004B4465 /* Frameworks */ = {
			isa = PBXFrameworksBuildPhase;
			buildActionMask = 2147483647;
			files = (
				07D9457C159FF885004B4465 /* UIKit.framework in Frameworks */,
				07D9457E159FF885004B4465 /* Foundation.framework in Frameworks */,
				07D94580159FF885004B4465 /* CoreGraphics.framework in Frameworks */,
			);
			runOnlyForDeploymentPostprocessing = 0;
		};
/* End PBXFrameworksBuildPhase section */

/* Begin PBXGroup section */
		07D9456C159FF885004B4465 = {
			isa = PBXGroup;
			children = (
				07D94581159FF885004B4465 /* Calculator */,
				07D9457A159FF885004B4465 /* Frameworks */,
				07D94578159FF885004B4465 /* Products */,
			);
			sourceTree = "<group>";
		};
		07D94578159FF885004B4465 /* Products */ = {
			isa = PBXGroup;
			children = (
				07D94577159FF885004B4465 /* Calculator.app */,
			);
			name = Products;
			sourceTree = "<group>";
		};
		07D9457A159FF885004B4465 /* Frameworks */ = {
			isa = PBXGroup;
			children = (
				07D9457B159FF885004B4465 /* UIKit.framework */,
				07D9457D159FF885004B4465 /* Foundation.framework */,
				07D9457F159FF885004B4465 /* CoreGraphics.framework */,
			);
			name = Frameworks;
			sourceTree = "<group>";
		};
		07D94581159FF885004B4465 /* Calculator */ = {
			isa = PBXGroup;
			children = (
				07D9458A159FF886004B4465 /* CalculatorAppDelegate.h */,
				07D9458B159FF886004B4465 /* CalculatorAppDelegate.m */,
				07D9458D159FF886004B4465 /* MainStoryboard.storyboard */,
				07D9459815A00E8F004B4465 /* CalculatorBrain.h */,
				07D9459915A00E8F004B4465 /* CalculatorBrain.m */,
				07D94590159FF886004B4465 /* CalculatorViewController.h */,
				07D94591159FF886004B4465 /* CalculatorViewController.m */,
				07D94582159FF885004B4465 /* Supporting Files */,
			);
			path = Calculator;
			sourceTree = "<group>";
		};
		07D94582159FF885004B4465 /* Supporting Files */ = {
			isa = PBXGroup;
			children = (
				07D94583159FF885004B4465 /* Calculator-Info.plist */,
				07D94584159FF885004B4465 /* InfoPlist.strings */,
				07D94587159FF886004B4465 /* main.m */,
				07D94589159FF886004B4465 /* Calculator-Prefix.pch */,
			);
			name = "Supporting Files";
			sourceTree = "<group>";
		};
/* End PBXGroup section */

/* Begin PBXNativeTarget section */
		07D94576159FF885004B4465 /* Calculator */ = {
			isa = PBXNativeTarget;
			buildConfigurationList = 07D94595159FF886004B4465 /* Build configuration list for PBXNativeTarget "Calculator" */;
			buildPhases = (
				07D94573159FF885004B4465 /* Sources */,
				07D94574159FF885004B4465 /* Frameworks */,
				07D94575159FF885004B4465 /* Resources */,
			);
			buildRules = (
			);
			dependencies = (
			);
			name = Calculator;
			productName = Calculator;
			productReference = 07D94577159FF885004B4465 /* Calculator.app */;
			productType = "com.apple.product-type.application";
		};
/* End PBXNativeTarget section */

/* Begin PBXProject section */
		07D9456E159FF885004B4465 /* Project object */ = {
			isa = PBXProject;
			attributes = {
				CLASSPREFIX = Calculator;
				LastUpgradeCheck = 0430;
			};
			buildConfigurationList = 07D94571159FF885004B4465 /* Build configuration list for PBXProject "Calculator" */;
			compatibilityVersion = "Xcode 3.2";
			developmentRegion = English;
			hasScannedForEncodings = 0;
			knownRegions = (
				en,
			);
			mainGroup = 07D9456C159FF885004B4465;
			productRefGroup = 07D94578159FF885004B4465 /* Products */;
			projectDirPath = "";
			projectRoot = "";
			targets = (
				07D94576159FF885004B4465 /* Calculator */,
			);
		};
/* End PBXProject section */

/* Begin PBXResourcesBuildPhase section */
		07D94575159FF885004B4465 /* Resources */ = {
			isa = PBXResourcesBuildPhase;
			buildActionMask = 2147483647;
			files = (
				07D94586159FF885004B4465 /* InfoPlist.strings in Resources */,
				07D9458F159FF886004B4465 /* MainStoryboard.storyboard in Resources */,
			);
			runOnlyForDeploymentPostprocessing = 0;
		};
/* End PBXResourcesBuildPhase section */

/* Begin PBXSourcesBuildPhase section */
		07D94573159FF885004B4465 /* Sources */ = {
			isa = PBXSourcesBuildPhase;
			buildActionMask = 2147483647;
			files = (
				07D94588159FF886004B4465 /* main.m in Sources */,
				07D9458C159FF886004B4465 /* CalculatorAppDelegate.m in Sources */,
				07D94592159FF886004B4465 /* CalculatorViewController.m in Sources */,
				07D9459A15A00E8F004B4465 /* CalculatorBrain.m in Sources */,
			);
			runOnlyForDeploymentPostprocessing = 0;
		};
/* End PBXSourcesBuildPhase section */

/* Begin PBXVariantGroup section */
		07D94584159FF885004B4465 /* InfoPlist.strings */ = {
			isa = PBXVariantGroup;
			children = (
				07D94585159FF885004B4465 /* en */,
			);
			name = InfoPlist.strings;
			sourceTree = "<group>";
		};
		07D9458D159FF886004B4465 /* MainStoryboard.storyboard */ = {
			isa = PBXVariantGroup;
			children = (
				07D9458E159FF886004B4465 /* en */,
			);
			name = MainStoryboard.storyboard;
			sourceTree = "<group>";
		};
/* End PBXVariantGroup section */

/* Begin XCBuildConfiguration section */
		07D94593159FF886004B4465 /* Debug */ = {
			isa = XCBuildConfiguration;
			buildSettings = {
				ALWAYS_SEARCH_USER_PATHS = NO;
				ARCHS = "$(ARCHS_STANDARD_32_BIT)";
				CLANG_ENABLE_OBJC_ARC = YES;
				"CODE_SIGN_IDENTITY[sdk=iphoneos*]" = "iPhone Developer";
				COPY_PHASE_STRIP = NO;
				GCC_C_LANGUAGE_STANDARD = gnu99;
				GCC_DYNAMIC_NO_PIC = NO;
				GCC_OPTIMIZATION_LEVEL = 0;
				GCC_PREPROCESSOR_DEFINITIONS = (
					"DEBUG=1",
					"$(inherited)",
				);
				GCC_SYMBOLS_PRIVATE_EXTERN = NO;
				GCC_VERSION = com.apple.compilers.llvm.clang.1_0;
				GCC_WARN_ABOUT_RETURN_TYPE = YES;
				GCC_WARN_UNINITIALIZED_AUTOS = YES;
				GCC_WARN_UNUSED_VARIABLE = YES;
				IPHONEOS_DEPLOYMENT_TARGET = 5.1;
				SDKROOT = iphoneos;
			};
			name = Debug;
		};
		07D94594159FF886004B4465 /* Release */ = {
			isa = XCBuildConfiguration;
			buildSettings = {
				ALWAYS_SEARCH_USER_PATHS = NO;
				ARCHS = "$(ARCHS_STANDARD_32_BIT)";
				CLANG_ENABLE_OBJC_ARC = YES;
				"CODE_SIGN_IDENTITY[sdk=iphoneos*]" = "iPhone Developer";
				COPY_PHASE_STRIP = YES;
				GCC_C_LANGUAGE_STANDARD = gnu99;
				GCC_VERSION = com.apple.compilers.llvm.clang.1_0;
				GCC_WARN_ABOUT_RETURN_TYPE = YES;
				GCC_WARN_UNINITIALIZED_AUTOS = YES;
				GCC_WARN_UNUSED_VARIABLE = YES;
				IPHONEOS_DEPLOYMENT_TARGET = 5.1;
				OTHER_CFLAGS = "-DNS_BLOCK_ASSERTIONS=1";
				SDKROOT = iphoneos;
				VALIDATE_PRODUCT = YES;
			};
			name = Release;
		};
		07D94596159FF886004B4465 /* Debug */ = {
			isa = XCBuildConfiguration;
			buildSettings = {
				GCC_PRECOMPILE_PREFIX_HEADER = YES;
				GCC_PREFIX_HEADER = "Calculator/Calculator-Prefix.pch";
				INFOPLIST_FILE = "Calculator/Calculator-Info.plist";
				PRODUCT_NAME = "$(TARGET_NAME)";
				WRAPPER_EXTENSION = app;
			};
			name = Debug;
		};
		07D94597159FF886004B4465 /* Release */ = {
			isa = XCBuildConfiguration;
			buildSettings = {
				GCC_PRECOMPILE_PREFIX_HEADER = YES;
				GCC_PREFIX_HEADER = "Calculator/Calculator-Prefix.pch";
				INFOPLIST_FILE = "Calculator/Calculator-Info.plist";
				PRODUCT_NAME = "$(TARGET_NAME)";
				WRAPPER_EXTENSION = app;
			};
			name = Release;
		};
/* End XCBuildConfiguration section */

/* Begin XCConfigurationList section */
		07D94571159FF885004B4465 /* Build configuration list for PBXProject "Calculator" */ = {
			isa = XCConfigurationList;
			buildConfigurations = (
				07D94593159FF886004B4465 /* Debug */,
				07D94594159FF886004B4465 /* Release */,
			);
			defaultConfigurationIsVisible = 0;
			defaultConfigurationName = Release;
		};
		07D94595159FF886004B4465 /* Build configuration list for PBXNativeTarget "Calculator" */ = {
			isa = XCConfigurationList;
			buildConfigurations = (
				07D94596159FF886004B4465 /* Debug */,
				07D94597159FF886004B4465 /* Release */,
			);
			defaultConfigurationIsVisible = 0;
		};
/* End XCConfigurationList section */
	};
	rootObject = 07D9456E159FF885004B4465 /* Project object */;
}
